# This file was autogenerated by Stack.
# You should not edit this file by hand.
# For more information, please see the documentation at:
#   https://docs.haskellstack.org/en/stable/lock_files

packages:
- completed:
    hackage: qm-interpolated-string-0.3.0.0@sha256:5117901d24a5cc8798f8d7c1058a345ae67afd8a48970fe8f1bdb96d0baf5228,2417
    pantry-tree:
      size: 1637
      sha256: 068d996bc529537a5b34999c66bf0f7b8f06d83fd2dd4af868d81960ec0ed031
  original:
    hackage: qm-interpolated-string-0.3.0.0
- completed:
    subdir: code/morley
    cabal-file:
      size: 11420
      sha256: 6830b0519983aebab6c9b546d462aa0920b911dce2d58b3536321fed1225943a
    name: morley
    version: 1.0.0
    git: https://gitlab.com/morley-framework/morley.git
    pantry-tree:
      size: 10943
      sha256: 49459c41eb1570c76a90a2256617704b56acc8462605c1126dee19f79ac28fde
    commit: df0045be145456e658e88e8368e1b892c0d21286
  original:
    subdir: code/morley
    git: https://gitlab.com/morley-framework/morley.git
    commit: df0045be145456e658e88e8368e1b892c0d21286
- completed:
    subdir: code/indigo
    cabal-file:
      size: 4198
      sha256: a15876d65e51fbb6c35e88a36425b7086d179c78ca691ba7506a9ff84d469dcd
    name: indigo
    version: 0.1.0.0
    git: https://gitlab.com/morley-framework/morley.git
    pantry-tree:
      size: 3324
      sha256: c8e566378d88f93160a56d3ae96fec31996188665938d35c69eccca21da86b8b
    commit: df0045be145456e658e88e8368e1b892c0d21286
  original:
    subdir: code/indigo
    git: https://gitlab.com/morley-framework/morley.git
    commit: df0045be145456e658e88e8368e1b892c0d21286
- completed:
    subdir: code/lorentz
    cabal-file:
      size: 6767
      sha256: dad404eb20507374b3c1f8dc0600a2873d1dc0b5ea7b1189d31e3bea6c7bda21
    name: lorentz
    version: 0.1.0
    git: https://gitlab.com/morley-framework/morley.git
    pantry-tree:
      size: 6511
      sha256: ee03d1d1e74dd341d6c1f4737ed647f37d723218c3dfebd6bd1580e0e449b2c4
    commit: df0045be145456e658e88e8368e1b892c0d21286
  original:
    subdir: code/lorentz
    git: https://gitlab.com/morley-framework/morley.git
    commit: df0045be145456e658e88e8368e1b892c0d21286
- completed:
    subdir: code/morley-ledgers
    cabal-file:
      size: 4124
      sha256: 34fb3950a4403898b8b7c8a560b1b1d86f4e16953d75f03d668f16f59e0fb67a
    name: morley-ledgers
    version: 0.2.0.1
    git: https://gitlab.com/morley-framework/morley.git
    pantry-tree:
      size: 1086
      sha256: 37ae431bccb3da690ba13359cddb0007eeaf1a52857f357adb11cbcf2f2d79b7
    commit: df0045be145456e658e88e8368e1b892c0d21286
  original:
    subdir: code/morley-ledgers
    git: https://gitlab.com/morley-framework/morley.git
    commit: df0045be145456e658e88e8368e1b892c0d21286
- completed:
    subdir: code/morley-ledgers-test
    cabal-file:
      size: 5154
      sha256: 4043a9e7c236cb93b0bdbcde8266bd4c578303e94e5624d52053e45d639e6022
    name: morley-ledgers-test
    version: 0.2.0.1
    git: https://gitlab.com/morley-framework/morley.git
    pantry-tree:
      size: 759
      sha256: cb154bb41e475c456d94e4512679285678e9d4422796a8031f75a92370f5a839
    commit: df0045be145456e658e88e8368e1b892c0d21286
  original:
    subdir: code/morley-ledgers-test
    git: https://gitlab.com/morley-framework/morley.git
    commit: df0045be145456e658e88e8368e1b892c0d21286
- completed:
    subdir: code/morley-nettest
    cabal-file:
      size: 2384
      sha256: e7d8cc29a76fa9bdc2fb3820a841de75eeb6707420f7ee6ac68bae72c9c0cba9
    name: morley-nettest
    version: 0.1.0
    git: https://gitlab.com/morley-framework/morley.git
    pantry-tree:
      size: 663
      sha256: a6cb745b34a4804e68b1a8ff9465a247631836685c46e8ff0fe514c3c24dae14
    commit: df0045be145456e658e88e8368e1b892c0d21286
  original:
    subdir: code/morley-nettest
    git: https://gitlab.com/morley-framework/morley.git
    commit: df0045be145456e658e88e8368e1b892c0d21286
- completed:
    subdir: code/morley-upgradeable
    cabal-file:
      size: 6220
      sha256: e659c41dd305790e058119d721105861c2afe1387a3e94950cc6b2339f592191
    name: morley-upgradeable
    version: 0.2.0.1
    git: https://gitlab.com/morley-framework/morley.git
    pantry-tree:
      size: 2547
      sha256: 3142039de4c73a5f6df30972802afd52c04dac7296762c812de58da965a82e63
    commit: df0045be145456e658e88e8368e1b892c0d21286
  original:
    subdir: code/morley-upgradeable
    git: https://gitlab.com/morley-framework/morley.git
    commit: df0045be145456e658e88e8368e1b892c0d21286
- completed:
    subdir: code/morley-client
    cabal-file:
      size: 5677
      sha256: 01c9e2e54da07306aec9c693501ba625758e445e502aa44241d00b03d52c2e55
    name: morley-client
    version: 0.1.0
    git: https://gitlab.com/morley-framework/morley.git
    pantry-tree:
      size: 1557
      sha256: aca441dfd9218aeddd31601a781b6cdc405240752b8dca1c389e1a7b82208521
    commit: df0045be145456e658e88e8368e1b892c0d21286
  original:
    subdir: code/morley-client
    git: https://gitlab.com/morley-framework/morley.git
    commit: df0045be145456e658e88e8368e1b892c0d21286
- completed:
    hackage: aeson-options-0.1.0@sha256:2d0c25afbb2d038bd5b57de8d042e319ea1a5ec7d7b92810d8a0cf0777882b6a,1244
    pantry-tree:
      size: 277
      sha256: 4a3ddbdaa61d788155aac6e7601d429a8820441f7b5e31d417b2dbdbf9748be2
  original:
    hackage: aeson-options-0.1.0
- completed:
    hackage: base58-bytestring-0.1.0@sha256:a1da72ee89d5450bac1c792d9fcbe95ed7154ab7246f2172b57bd4fd9b5eab79,1913
    pantry-tree:
      size: 419
      sha256: 053784f8edef6433518c873a7c502dc75348f812e2384e1306f90467ea54f40b
  original:
    hackage: base58-bytestring-0.1.0
- completed:
    hackage: constraints-0.11@sha256:44f80a313d5d4fcfb3c18eb6625dd3db4bb845d5ca8d3b1f62125a4b7241e590,2186
    pantry-tree:
      size: 867
      sha256: 1d56051f040b16ba2e55dced7f6ed0bdac7d2a28dbd844bf283425ddb5f5b6cc
  original:
    hackage: constraints-0.11
- completed:
    hackage: hex-text-0.1.0.0@sha256:52dc2cf5ce45f7d86ea5e56e2ac57820f788c10bbb3fe83f6d57e678a426305b,1072
    pantry-tree:
      size: 314
      sha256: 84ce6d618602d39e89e28b1a9cc41f0def4786d7046ac0a742557b5ab5381466
  original:
    hackage: hex-text-0.1.0.0
- completed:
    hackage: pretty-terminal-0.1.0.0@sha256:e9135d86ebb2a8e3aaf5a79088de4628dbd49988388e0fbfc26c5ecb3c399ad9,1638
    pantry-tree:
      size: 385
      sha256: fecec01e618890c284e57cb873b8f9531f479562b7cf08497aef097da3ef90ec
  original:
    hackage: pretty-terminal-0.1.0.0
- completed:
    hackage: show-type-0.1.1@sha256:24f681a3481b3f9630e619d816054804ba1bd6cc05b5978ddd2cece8499ff2fa,1154
    pantry-tree:
      size: 214
      sha256: c07e39492e0b8da34f87b3f7516f7739d60543013e7f22bc7db0dbe99eb57540
  original:
    hackage: show-type-0.1.1
- completed:
    cabal-file:
      size: 1096
      sha256: 23f4be93bd29f79b7d1e623dcdbbbf6e385361296a5226f86bbee6f244ce4194
    name: caps
    version: '0'
    git: https://github.com/int-index/caps.git
    pantry-tree:
      size: 374
      sha256: 88b8b2ba4213985a67303961ba239b61739d4bc00dcebafa0ce80163d1aaed2c
    commit: ab4345eabd58fc6f05d3b46bea2c5acdba3ec6f8
  original:
    git: https://github.com/int-index/caps.git
    commit: ab4345eabd58fc6f05d3b46bea2c5acdba3ec6f8
- completed:
    subdir: tezos-bake-monitor-lib
    cabal-file:
      size: 3342
      sha256: 5afb36dd23a270ae14613efd12469fd867f5c462470431b62a4e9763b0c77b36
    name: tezos-bake-monitor-lib
    version: 0.1.0.0
    git: https://gitlab.com/obsidian.systems/tezos-bake-monitor-lib.git
    pantry-tree:
      size: 6785
      sha256: 611c7b1ced2cbd2473333d80f62446ec692c12a1ce0aa540de9b644442e53af4
    commit: 19a9ce57a0510bc3ad8a3f639d0a968a65024b86
  original:
    subdir: tezos-bake-monitor-lib
    git: https://gitlab.com/obsidian.systems/tezos-bake-monitor-lib.git
    commit: 19a9ce57a0510bc3ad8a3f639d0a968a65024b86
- completed:
    hackage: functor-infix-0.0.5@sha256:cea21a321031f556d7a21b51e049493e7cb78baf64dd63f0d1a36de01c4c735b,661
    pantry-tree:
      size: 367
      sha256: 04de43014229a582ba4aeff75a3e065cdba4d550a05af36a459fa38b685640b7
  original:
    hackage: functor-infix-0.0.5@sha256:cea21a321031f556d7a21b51e049493e7cb78baf64dd63f0d1a36de01c4c735b
- completed:
    hackage: hashing-0.1.0.1@sha256:98861f16791946cdf28e3c7a6ee9ac8b72d546d6e33c569c7087ef18253294e7,2816
    pantry-tree:
      size: 704
      sha256: a204259113ac5761ded1dac7e37a9d54245f84c8adaeec452346fe3256337d83
  original:
    hackage: hashing-0.1.0.1@sha256:98861f16791946cdf28e3c7a6ee9ac8b72d546d6e33c569c7087ef18253294e7
- completed:
    hackage: dependent-sum-0.6.2.0@sha256:bff37c85b38e768b942f9d81c2465b63a96076f1ba006e35612aa357770807b6,1856
    pantry-tree:
      size: 474
      sha256: ad3fbed5104f9ee9c8082c9dcc8ade847674e3053572533e8d26ad1a866f1107
  original:
    hackage: dependent-sum-0.6.2.0
- completed:
    hackage: dependent-sum-template-0.1.0.0@sha256:477de784b63b970d69d8de84753967c2dfd84224a958549c43c770802d18f0df,1605
    pantry-tree:
      size: 436
      sha256: c259c246cdbdbda782848610396c547a53abd7e8261fb9099a8cd2cc1d32b3e3
  original:
    hackage: dependent-sum-template-0.1.0.0
- completed:
    hackage: constraints-extras-0.3.0.2@sha256:bf6884be65958e9188ae3c9e5547abfd6d201df021bff8a4704c2c4fe1e1ae5b,1784
    pantry-tree:
      size: 594
      sha256: b0bcc96d375ee11b1972a2e9e8e42039b3f420b0e1c46e9c70652470445a6505
  original:
    hackage: constraints-extras-0.3.0.2@sha256:bf6884be65958e9188ae3c9e5547abfd6d201df021bff8a4704c2c4fe1e1ae5b
- completed:
    hackage: morley-prelude-0.3.0@sha256:9e9473ac14cfa206adf0a3700764c0251de05042f1fe45daf9cb8556079ae663,2085
    pantry-tree:
      size: 270
      sha256: 402cd467a690373ca891fa31650376312be351244c6d7e187ca9961d3708de0a
  original:
    hackage: morley-prelude-0.3.0
- completed:
    hackage: tasty-hunit-compat-0.2@sha256:71e077ae5c514fadd4586efc19315f10fa5f3c94770820f68f63768441d665f7,1199
    pantry-tree:
      size: 229
      sha256: ef4e8284433af224f89a1dfd2968ea79de3570cef6e81b10187aca5d1fae6f76
  original:
    hackage: tasty-hunit-compat-0.2
- completed:
    subdir: .
    cabal-file:
      size: 8415
      sha256: 5583f6c03929690cd59fc180442fe9b774deb255a07418bf6114d103e85d7994
    name: morley-dstoken
    version: 1.2.2
    git: git@gitlab.com:elevated-returns/morley-dstoken.git
    pantry-tree:
      size: 7514
      sha256: 9402434d2cbce5cb2e6994ca1d4671b30d5f2f6a875ff1c8dfed0b733e15215d
    commit: e275388f25fa7ad160a08a8e3e722e00e88c4a8f
  original:
    subdir: .
    git: git@gitlab.com:elevated-returns/morley-dstoken.git
    commit: e275388f25fa7ad160a08a8e3e722e00e88c4a8f
snapshots:
- completed:
    size: 525662
    url: https://raw.githubusercontent.com/commercialhaskell/stackage-snapshots/master/lts/14/15.yaml
    sha256: c5e673e5723931b64ef2eb5004f6d9ea3c95b58d48388dbc4de6f66b97c81f7a
  original: lts-14.15
